
Microsoft Visual Studio Solution File, Format Version 12.00
# Visual Studio Version 16
VisualStudioVersion = 16.0.29613.14
MinimumVisualStudioVersion = 10.0.40219.1
Project("{FAE04EC0-301F-11D3-BF4B-00C04F79EFBC}") = "MoneyForwardViewer", "MoneyForwardViewer\MoneyForwardViewer.csproj", "{B1815FAE-666F-4AC6-93A0-9D863E77495F}"
EndProject
Global
	GlobalSection(SolutionConfigurationPlatforms) = preSolution
		Debug|Any CPU = Debug|Any CPU
		Release|Any CPU = Release|Any CPU
	EndGlobalSection
	GlobalSection(ProjectConfigurationPlatforms) = postSolution
		{B1815FAE-666F-4AC6-93A0-9D863E77495F}.Debug|Any CPU.ActiveCfg = Debug|Any CPU
		{B1815FAE-666F-4AC6-93A0-9D863E77495F}.Debug|Any CPU.Build.0 = Debug|Any CPU
		{B1815FAE-666F-4AC6-93A0-9D863E77495F}.Release|Any CPU.ActiveCfg = Release|Any CPU
		{B1815FAE-666F-4AC6-93A0-9D863E77495F}.Release|Any CPU.Build.0 = Release|Any CPU
	EndGlobalSection
	GlobalSection(SolutionProperties) = preSolution
		HideSolutionNode = FALSE
	EndGlobalSection
	GlobalSection(ExtensibilityGlobals) = postSolution
		SolutionGuid = {D1C506BE-E657-4747-833E-BC1065C6C88E}
	EndGlobalSection
EndGlobal
