
Microsoft Visual Studio Solution File, Format Version 12.00
# Visual Studio Version 16
VisualStudioVersion = 16.0.29613.14
MinimumVisualStudioVersion = 10.0.40219.1
Project("{9A19103F-16F7-4668-BE54-9A1E7A4F7556}") = "MoneyForwardViewer", "MoneyForwardViewer\MoneyForwardViewer.csproj", "{B1815FAE-666F-4AC6-93A0-9D863E77495F}"
EndProject
Project("{2150E333-8FDC-42A3-9474-1A3956D46DE8}") = "SolutionItems", "SolutionItems", "{8360D46E-7D6A-49C8-8ECC-9E3A3A0D19CF}"
	ProjectSection(SolutionItems) = preProject
		.editorconfig = .editorconfig
		.gitattributes = .gitattributes
		.gitignore = .gitignore
		Directory.Build.props = Directory.Build.props
		Directory.Build.targets = Directory.Build.targets
	EndProjectSection
EndProject
Project("{9A19103F-16F7-4668-BE54-9A1E7A4F7556}") = "MoneyForwardViewer.DataBase", "MoneyForwardViewer.DataBase\MoneyForwardViewer.DataBase.csproj", "{77094612-6456-480D-9A4C-D34FAD0BD501}"
EndProject
Project("{9A19103F-16F7-4668-BE54-9A1E7A4F7556}") = "MoneyForwardViewer.Scraper", "MoneyForwardViewer.Scraper\MoneyForwardViewer.Scraper.csproj", "{C5219B3F-45EE-4DFA-A63A-14018BFA4885}"
EndProject
Project("{9A19103F-16F7-4668-BE54-9A1E7A4F7556}") = "MoneyForwardViewer.Composition", "MoneyForwardViewer.Composition\MoneyForwardViewer.Composition.csproj", "{D82255B0-F148-47E2-AE78-16BA8E6F6E7A}"
EndProject
Project("{9A19103F-16F7-4668-BE54-9A1E7A4F7556}") = "MoneyForwardViewer.AzureFunctions", "MoneyForwardViewer.AzureFunctions\MoneyForwardViewer.AzureFunctions.csproj", "{06B053D3-3614-403D-BEB7-3C0CEA09B997}"
EndProject
Global
	GlobalSection(SolutionConfigurationPlatforms) = preSolution
		Debug|Any CPU = Debug|Any CPU
		Release|Any CPU = Release|Any CPU
	EndGlobalSection
	GlobalSection(ProjectConfigurationPlatforms) = postSolution
		{B1815FAE-666F-4AC6-93A0-9D863E77495F}.Debug|Any CPU.ActiveCfg = Debug|Any CPU
		{B1815FAE-666F-4AC6-93A0-9D863E77495F}.Debug|Any CPU.Build.0 = Debug|Any CPU
		{B1815FAE-666F-4AC6-93A0-9D863E77495F}.Release|Any CPU.ActiveCfg = Release|Any CPU
		{B1815FAE-666F-4AC6-93A0-9D863E77495F}.Release|Any CPU.Build.0 = Release|Any CPU
		{77094612-6456-480D-9A4C-D34FAD0BD501}.Debug|Any CPU.ActiveCfg = Debug|Any CPU
		{77094612-6456-480D-9A4C-D34FAD0BD501}.Debug|Any CPU.Build.0 = Debug|Any CPU
		{77094612-6456-480D-9A4C-D34FAD0BD501}.Release|Any CPU.ActiveCfg = Release|Any CPU
		{77094612-6456-480D-9A4C-D34FAD0BD501}.Release|Any CPU.Build.0 = Release|Any CPU
		{C5219B3F-45EE-4DFA-A63A-14018BFA4885}.Debug|Any CPU.ActiveCfg = Debug|Any CPU
		{C5219B3F-45EE-4DFA-A63A-14018BFA4885}.Debug|Any CPU.Build.0 = Debug|Any CPU
		{C5219B3F-45EE-4DFA-A63A-14018BFA4885}.Release|Any CPU.ActiveCfg = Release|Any CPU
		{C5219B3F-45EE-4DFA-A63A-14018BFA4885}.Release|Any CPU.Build.0 = Release|Any CPU
		{D82255B0-F148-47E2-AE78-16BA8E6F6E7A}.Debug|Any CPU.ActiveCfg = Debug|Any CPU
		{D82255B0-F148-47E2-AE78-16BA8E6F6E7A}.Debug|Any CPU.Build.0 = Debug|Any CPU
		{D82255B0-F148-47E2-AE78-16BA8E6F6E7A}.Release|Any CPU.ActiveCfg = Release|Any CPU
		{D82255B0-F148-47E2-AE78-16BA8E6F6E7A}.Release|Any CPU.Build.0 = Release|Any CPU
		{06B053D3-3614-403D-BEB7-3C0CEA09B997}.Debug|Any CPU.ActiveCfg = Debug|Any CPU
		{06B053D3-3614-403D-BEB7-3C0CEA09B997}.Debug|Any CPU.Build.0 = Debug|Any CPU
		{06B053D3-3614-403D-BEB7-3C0CEA09B997}.Release|Any CPU.ActiveCfg = Release|Any CPU
		{06B053D3-3614-403D-BEB7-3C0CEA09B997}.Release|Any CPU.Build.0 = Release|Any CPU
	EndGlobalSection
	GlobalSection(SolutionProperties) = preSolution
		HideSolutionNode = FALSE
	EndGlobalSection
	GlobalSection(ExtensibilityGlobals) = postSolution
		SolutionGuid = {D1C506BE-E657-4747-833E-BC1065C6C88E}
	EndGlobalSection
EndGlobal
